
Microsoft Visual Studio Solution File, Format Version 12.00
# Visual Studio Version 16
VisualStudioVersion = 16.0.31829.152
MinimumVisualStudioVersion = 10.0.40219.1
Project("{FAE04EC0-301F-11D3-BF4B-00C04F79EFBC}") = "Ales_lvl1", "Ales_lvl1\Ales_lvl1.csproj", "{2D019C57-5911-4984-92E6-3BB0FA796636}"
EndProject
Project("{FAE04EC0-301F-11D3-BF4B-00C04F79EFBC}") = "Ales_lvl1_variant2", "Ales_lvl1_variant2\Ales_lvl1_variant2.csproj", "{D9656357-1DE9-4B17-83BA-9FF7FC8D3A5E}"
EndProject
Global
	GlobalSection(SolutionConfigurationPlatforms) = preSolution
		Debug|Any CPU = Debug|Any CPU
		Release|Any CPU = Release|Any CPU
	EndGlobalSection
	GlobalSection(ProjectConfigurationPlatforms) = postSolution
		{2D019C57-5911-4984-92E6-3BB0FA796636}.Debug|Any CPU.ActiveCfg = Debug|Any CPU
		{2D019C57-5911-4984-92E6-3BB0FA796636}.Debug|Any CPU.Build.0 = Debug|Any CPU
		{2D019C57-5911-4984-92E6-3BB0FA796636}.Release|Any CPU.ActiveCfg = Release|Any CPU
		{2D019C57-5911-4984-92E6-3BB0FA796636}.Release|Any CPU.Build.0 = Release|Any CPU
		{D9656357-1DE9-4B17-83BA-9FF7FC8D3A5E}.Debug|Any CPU.ActiveCfg = Debug|Any CPU
		{D9656357-1DE9-4B17-83BA-9FF7FC8D3A5E}.Debug|Any CPU.Build.0 = Debug|Any CPU
		{D9656357-1DE9-4B17-83BA-9FF7FC8D3A5E}.Release|Any CPU.ActiveCfg = Release|Any CPU
		{D9656357-1DE9-4B17-83BA-9FF7FC8D3A5E}.Release|Any CPU.Build.0 = Release|Any CPU
	EndGlobalSection
	GlobalSection(SolutionProperties) = preSolution
		HideSolutionNode = FALSE
	EndGlobalSection
	GlobalSection(ExtensibilityGlobals) = postSolution
		SolutionGuid = {DF17213A-E302-4EC1-A453-D378685839EA}
	EndGlobalSection
EndGlobal
